
Microsoft Visual Studio Solution File, Format Version 12.00
# Visual Studio Version 17
VisualStudioVersion = 17.9.34728.123
MinimumVisualStudioVersion = 10.0.40219.1
Project("{9A19103F-16F7-4668-BE54-9A1E7A4F7556}") = "PrimaryConstructor", "PrimaryConstructor\PrimaryConstructor.csproj", "{A576F8C9-C705-4DD0-94E8-B66169775237}"
EndProject
Project("{9A19103F-16F7-4668-BE54-9A1E7A4F7556}") = "AliasAnyType", "AliasAnyType\AliasAnyType.csproj", "{E5CFBBB8-B375-4BD6-BA15-D28AA598B601}"
EndProject
Project("{9A19103F-16F7-4668-BE54-9A1E7A4F7556}") = "ArraySample", "ArraySample\ArraySample.csproj", "{6DBE8DEB-30AA-4E5A-8F97-F724A27116F5}"
EndProject
Project("{9A19103F-16F7-4668-BE54-9A1E7A4F7556}") = "NewTimeFeature", "NewTimeFeature\NewTimeFeature.csproj", "{25EA0D35-AC4E-4B6E-9AC5-CE8C63393F3C}"
EndProject
Project("{FAE04EC0-301F-11D3-BF4B-00C04F79EFBC}") = "UsingTimeTest", "UsingTimeTest\UsingTimeTest.csproj", "{BF318662-7987-4321-8759-DAC42ACB1C50}"
EndProject
Global
	GlobalSection(SolutionConfigurationPlatforms) = preSolution
		Debug|Any CPU = Debug|Any CPU
		Release|Any CPU = Release|Any CPU
	EndGlobalSection
	GlobalSection(ProjectConfigurationPlatforms) = postSolution
		{A576F8C9-C705-4DD0-94E8-B66169775237}.Debug|Any CPU.ActiveCfg = Debug|Any CPU
		{A576F8C9-C705-4DD0-94E8-B66169775237}.Debug|Any CPU.Build.0 = Debug|Any CPU
		{A576F8C9-C705-4DD0-94E8-B66169775237}.Release|Any CPU.ActiveCfg = Release|Any CPU
		{A576F8C9-C705-4DD0-94E8-B66169775237}.Release|Any CPU.Build.0 = Release|Any CPU
		{E5CFBBB8-B375-4BD6-BA15-D28AA598B601}.Debug|Any CPU.ActiveCfg = Debug|Any CPU
		{E5CFBBB8-B375-4BD6-BA15-D28AA598B601}.Debug|Any CPU.Build.0 = Debug|Any CPU
		{E5CFBBB8-B375-4BD6-BA15-D28AA598B601}.Release|Any CPU.ActiveCfg = Release|Any CPU
		{E5CFBBB8-B375-4BD6-BA15-D28AA598B601}.Release|Any CPU.Build.0 = Release|Any CPU
		{6DBE8DEB-30AA-4E5A-8F97-F724A27116F5}.Debug|Any CPU.ActiveCfg = Debug|Any CPU
		{6DBE8DEB-30AA-4E5A-8F97-F724A27116F5}.Debug|Any CPU.Build.0 = Debug|Any CPU
		{6DBE8DEB-30AA-4E5A-8F97-F724A27116F5}.Release|Any CPU.ActiveCfg = Release|Any CPU
		{6DBE8DEB-30AA-4E5A-8F97-F724A27116F5}.Release|Any CPU.Build.0 = Release|Any CPU
		{25EA0D35-AC4E-4B6E-9AC5-CE8C63393F3C}.Debug|Any CPU.ActiveCfg = Debug|Any CPU
		{25EA0D35-AC4E-4B6E-9AC5-CE8C63393F3C}.Debug|Any CPU.Build.0 = Debug|Any CPU
		{25EA0D35-AC4E-4B6E-9AC5-CE8C63393F3C}.Release|Any CPU.ActiveCfg = Release|Any CPU
		{25EA0D35-AC4E-4B6E-9AC5-CE8C63393F3C}.Release|Any CPU.Build.0 = Release|Any CPU
		{BF318662-7987-4321-8759-DAC42ACB1C50}.Debug|Any CPU.ActiveCfg = Debug|Any CPU
		{BF318662-7987-4321-8759-DAC42ACB1C50}.Debug|Any CPU.Build.0 = Debug|Any CPU
		{BF318662-7987-4321-8759-DAC42ACB1C50}.Release|Any CPU.ActiveCfg = Release|Any CPU
		{BF318662-7987-4321-8759-DAC42ACB1C50}.Release|Any CPU.Build.0 = Release|Any CPU
	EndGlobalSection
	GlobalSection(SolutionProperties) = preSolution
		HideSolutionNode = FALSE
	EndGlobalSection
	GlobalSection(ExtensibilityGlobals) = postSolution
		SolutionGuid = {43DBD039-59A3-45CA-AB89-847EE57E3E2E}
	EndGlobalSection
EndGlobal
